{
  "name": "kompas-web-components",
  "version": "0.0.1",
  "lockfileVersion": 1,
  "requires": true,
  "dependencies": {
    "@stencil/core": {
      "version": "2.5.1",
      "resolved": "https://registry.npmjs.org/@stencil/core/-/core-2.5.1.tgz",
      "integrity": "sha512-SHVX/XaMYEzZJr7ttFSU9a1GmZRMUS9l7f/hbWnKYRn4S9zl1CqGf2iR/ofJ7B+vKaHLjapCAVrzCrkciVIpXA=="
    }
  }
}
